
Microsoft Visual Studio Solution File, Format Version 12.00
# Visual Studio Version 17
VisualStudioVersion = 17.11.35327.3
MinimumVisualStudioVersion = 10.0.40219.1
Project("{FAE04EC0-301F-11D3-BF4B-00C04F79EFBC}") = "Epiano", "Epiano.csproj", "{5C19C266-12C2-4FCD-8E65-A655E6798905}"
EndProject
Global
	GlobalSection(SolutionConfigurationPlatforms) = preSolution
		Debug|Any CPU = Debug|Any CPU
		Release|Any CPU = Release|Any CPU
	EndGlobalSection
	GlobalSection(ProjectConfigurationPlatforms) = postSolution
		{5C19C266-12C2-4FCD-8E65-A655E6798905}.Debug|Any CPU.ActiveCfg = Debug|Any CPU
		{5C19C266-12C2-4FCD-8E65-A655E6798905}.Debug|Any CPU.Build.0 = Debug|Any CPU
		{5C19C266-12C2-4FCD-8E65-A655E6798905}.Release|Any CPU.ActiveCfg = Release|Any CPU
		{5C19C266-12C2-4FCD-8E65-A655E6798905}.Release|Any CPU.Build.0 = Release|Any CPU
	EndGlobalSection
	GlobalSection(SolutionProperties) = preSolution
		HideSolutionNode = FALSE
	EndGlobalSection
	GlobalSection(ExtensibilityGlobals) = postSolution
		SolutionGuid = {01685956-0A8D-4DB8-9D78-8C090DC3B7BF}
	EndGlobalSection
EndGlobal
